{
  "name": "wss_server",
  "version": "1.0.0",
  "lockfileVersion": 3,
  "requires": true,
  "packages": {
    "": {
      "name": "wss_server",
      "version": "1.0.0",
      "license": "ISC",
      "dependencies": {
        "dotenv": "^16.5.0",
        "redis": "^5.5.5",
        "ws": "^8.18.2"
      }
    },
    "node_modules/@redis/bloom": {
      "version": "5.5.5",
      "resolved": "https://registry.npmjs.org/@redis/bloom/-/bloom-5.5.5.tgz",
      "integrity": "sha512-M0GDmw8k0EOFoSpmMjhFUADk/apoano97fLSpT81opgmkkDtBB9iB6l6husxnzK5t2qNz/o0+OCVG9g6lEEwKw==",
      "engines": {
        "node": ">= 18"
      },
      "peerDependencies": {
        "@redis/client": "^5.5.5"
      }
    },
    "node_modules/@redis/client": {
      "version": "5.5.5",
      "resolved": "https://registry.npmjs.org/@redis/client/-/client-5.5.5.tgz",
      "integrity": "sha512-1Dv/CVdMNLw0mlROSnmpp4MQu+6YIJX0YR0h3g2hnPdLvk6L7TcRcrUj7BQFGSeZD2MxklAUO+rp09ITUqE5Og==",
      "dependencies": {
        "cluster-key-slot": "1.1.2"
      },
      "engines": {
        "node": ">= 18"
      }
    },
    "node_modules/@redis/json": {
      "version": "5.5.5",
      "resolved": "https://registry.npmjs.org/@redis/json/-/json-5.5.5.tgz",
      "integrity": "sha512-Nq8wHjOhwuhD05YPWFPL9RyT3K1VdT37TKvqbhykZA2MWQgjjhLn5i1/6zZ+1b0Zc/Sr9E0eK9J8txk6YJR6EA==",
      "engines": {
        "node": ">= 18"
      },
      "peerDependencies": {
        "@redis/client": "^5.5.5"
      }
    },
    "node_modules/@redis/search": {
      "version": "5.5.5",
      "resolved": "https://registry.npmjs.org/@redis/search/-/search-5.5.5.tgz",
      "integrity": "sha512-xM/DKrRhbsMS2QQF5bBPjR7P/QEjWWZDUr92r+UOwkZjvc/kmy0tp7h8zkxBo2jtSF99vkk2mwMzn6fQ8d60aQ==",
      "engines": {
        "node": ">= 18"
      },
      "peerDependencies": {
        "@redis/client": "^5.5.5"
      }
    },
    "node_modules/@redis/time-series": {
      "version": "5.5.5",
      "resolved": "https://registry.npmjs.org/@redis/time-series/-/time-series-5.5.5.tgz",
      "integrity": "sha512-2ifwV75Fv/uVX4n0zqvgqIlIInHZtVj+afjcbXPBD2GhG2AeVfkitTz1bMnGnNDA78sWRYooK42OWH9yqujjyQ==",
      "engines": {
        "node": ">= 18"
      },
      "peerDependencies": {
        "@redis/client": "^5.5.5"
      }
    },
    "node_modules/cluster-key-slot": {
      "version": "1.1.2",
      "resolved": "https://registry.npmjs.org/cluster-key-slot/-/cluster-key-slot-1.1.2.tgz",
      "integrity": "sha512-RMr0FhtfXemyinomL4hrWcYJxmX6deFdCxpJzhDttxgO1+bcCnkk+9drydLVDmAMG7NE6aN/fl4F7ucU/90gAA==",
      "engines": {
        "node": ">=0.10.0"
      }
    },
    "node_modules/dotenv": {
      "version": "16.5.0",
      "resolved": "https://registry.npmjs.org/dotenv/-/dotenv-16.5.0.tgz",
      "integrity": "sha512-m/C+AwOAr9/W1UOIZUo232ejMNnJAJtYQjUbHoNTBNTJSvqzzDh7vnrei3o3r3m9blf6ZoDkvcw0VmozNRFJxg==",
      "engines": {
        "node": ">=12"
      },
      "funding": {
        "url": "https://dotenvx.com"
      }
    },
    "node_modules/redis": {
      "version": "5.5.5",
      "resolved": "https://registry.npmjs.org/redis/-/redis-5.5.5.tgz",
      "integrity": "sha512-x7vpciikEY7nptGzQrE5I+/pvwFZJDadPk/uEoyGSg/pZ2m/CX2n5EhSgUh+S5T7Gz3uKM6YzWcXEu3ioAsdFQ==",
      "dependencies": {
        "@redis/bloom": "5.5.5",
        "@redis/client": "5.5.5",
        "@redis/json": "5.5.5",
        "@redis/search": "5.5.5",
        "@redis/time-series": "5.5.5"
      },
      "engines": {
        "node": ">= 18"
      }
    },
    "node_modules/ws": {
      "version": "8.18.2",
      "resolved": "https://registry.npmjs.org/ws/-/ws-8.18.2.tgz",
      "integrity": "sha512-DMricUmwGZUVr++AEAe2uiVM7UoO9MAVZMDu05UQOaUII0lp+zOzLLU4Xqh/JvTqklB1T4uELaaPBKyjE1r4fQ==",
      "engines": {
        "node": ">=10.0.0"
      },
      "peerDependencies": {
        "bufferutil": "^4.0.1",
        "utf-8-validate": ">=5.0.2"
      },
      "peerDependenciesMeta": {
        "bufferutil": {
          "optional": true
        },
        "utf-8-validate": {
          "optional": true
        }
      }
    }
  }
}
